
Microsoft Visual Studio Solution File, Format Version 12.00
# Visual Studio Version 17
VisualStudioVersion = 17.5.33627.172
MinimumVisualStudioVersion = 10.0.40219.1
Project("{FAE04EC0-301F-11D3-BF4B-00C04F79EFBC}") = "OrderSystem", "OrderSystem\OrderSystem.csproj", "{446625F2-1F3C-4087-ADE6-A334AEDF7473}"
EndProject
Global
	GlobalSection(SolutionConfigurationPlatforms) = preSolution
		Debug|Any CPU = Debug|Any CPU
		Release|Any CPU = Release|Any CPU
	EndGlobalSection
	GlobalSection(ProjectConfigurationPlatforms) = postSolution
		{446625F2-1F3C-4087-ADE6-A334AEDF7473}.Debug|Any CPU.ActiveCfg = Debug|Any CPU
		{446625F2-1F3C-4087-ADE6-A334AEDF7473}.Debug|Any CPU.Build.0 = Debug|Any CPU
		{446625F2-1F3C-4087-ADE6-A334AEDF7473}.Release|Any CPU.ActiveCfg = Release|Any CPU
		{446625F2-1F3C-4087-ADE6-A334AEDF7473}.Release|Any CPU.Build.0 = Release|Any CPU
	EndGlobalSection
	GlobalSection(SolutionProperties) = preSolution
		HideSolutionNode = FALSE
	EndGlobalSection
	GlobalSection(ExtensibilityGlobals) = postSolution
		SolutionGuid = {82DD9A3C-E796-4E48-A96D-9F0C387E9AB9}
	EndGlobalSection
EndGlobal
